<?xml version="1.0" encoding="utf-8"?>
<Project ToolsVersion="4.0" xmlns="http://schemas.microsoft.com/developer/msbuild/2003">
  <ItemGroup>
    <Filter Include="Source Files">
      <UniqueIdentifier>{4FC737F1-C7A5-4376-A066-2A32D752A2FF}</UniqueIdentifier>
      <Extensions>cpp;c;cc;cxx;def;odl;idl;hpj;bat;asm;asmx</Extensions>
    </Filter>
    <Filter Include="Header Files">
      <UniqueIdentifier>{93995380-89BD-4b04-88EB-625FBE52EBFB}</UniqueIdentifier>
      <Extensions>h;hh;hpp;hxx;hm;inl;inc;xsd</Extensions>
    </Filter>
    <Filter Include="Resource Files">
      <UniqueIdentifier>{67DA6AB6-F800-4c08-8B7A-83BB121AAD01}</UniqueIdentifier>
      <Extensions>rc;ico;cur;bmp;dlg;rc2;rct;bin;rgs;gif;jpg;jpeg;jpe;resx;tiff;tif;png;wav;mfcribbon-ms</Extensions>
    </Filter>
    <Filter Include="Resource Files\Fonts">
      <UniqueIdentifier>{5d4805cf-7feb-4619-8247-0fa329772a6e}</UniqueIdentifier>
    </Filter>
    <Filter Include="Resource Files\Textures">
      <UniqueIdentifier>{58a671e6-4fa6-4b63-80fd-312f09ed9741}</UniqueIdentifier>
    </Filter>
    <Filter Include="Resource Files\Sounds">
      <UniqueIdentifier>{ba5077de-bd16-410b-8460-b671041b7978}</UniqueIdentifier>
    </Filter>
    <Filter Include="Resource Files\ResourceIds">
      <UniqueIdentifier>{84e747f1-23a2-4b6f-a38e-310a9f4fc4d6}</UniqueIdentifier>
    </Filter>
  </ItemGroup>
  <ItemGroup>
    <ClCompile Include="Main.cpp">
      <Filter>Source Files</Filter>
    </ClCompile>
    <ClCompile Include="Aircraft.cpp">
      <Filter>Source Files</Filter>
    </ClCompile>
    <ClCompile Include="DesertMap.cpp">
      <Filter>Source Files</Filter>
    </ClCompile>
    <ClCompile Include="AirplaneShooter.cpp">
      <Filter>Source Files</Filter>
    </ClCompile>
  </ItemGroup>
  <ItemGroup>
    <Font Include="Resources\Fonts\Sansation.ttf">
      <Filter>Resource Files\Fonts</Filter>
    </Font>
  </ItemGroup>
  <ItemGroup>
    <Image Include="Resources\Textures\Desert.png">
      <Filter>Resource Files\Textures</Filter>
    </Image>
    <Image Include="Resources\Textures\Eagle.png">
      <Filter>Resource Files\Textures</Filter>
    </Image>
    <Image Include="Resources\Textures\Raptor.png">
      <Filter>Resource Files\Textures</Filter>
    </Image>
  </ItemGroup>
  <ItemGroup>
    <ClInclude Include="Aircraft.h">
      <Filter>Header Files</Filter>
    </ClInclude>
    <ClInclude Include="TextureIds.h">
      <Filter>Resource Files\ResourceIds</Filter>
    </ClInclude>
    <ClInclude Include="SoundIds.h">
      <Filter>Resource Files\ResourceIds</Filter>
    </ClInclude>
    <ClInclude Include="FontIds.h">
      <Filter>Resource Files\ResourceIds</Filter>
    </ClInclude>
    <ClInclude Include="ShaderIds.h">
      <Filter>Resource Files\ResourceIds</Filter>
    </ClInclude>
    <ClInclude Include="ResourceIds.h">
      <Filter>Resource Files\ResourceIds</Filter>
    </ClInclude>
    <ClInclude Include="DesertMap.h">
      <Filter>Header Files</Filter>
    </ClInclude>
    <ClInclude Include="AirplaneShooter.h">
      <Filter>Header Files</Filter>
    </ClInclude>
  </ItemGroup>
  <ItemGroup>
    <None Include="packages.config" />
  </ItemGroup>
</Project>