
Microsoft Visual Studio Solution File, Format Version 12.00
# Visual Studio 2013
VisualStudioVersion = 12.0.40629.0
MinimumVisualStudioVersion = 10.0.40219.1
Project("{8BC9CEB8-8B4A-11D0-8D11-00A0C91BC942}") = "AirplaneShooter", "AirplaneShooter\AirplaneShooter.vcxproj", "{2146256D-7152-4EB0-8846-1EB02D53115B}"
EndProject
Project("{8BC9CEB8-8B4A-11D0-8D11-00A0C91BC942}") = "Game2D", "Game2D\Game2D.vcxproj", "{D50C6F9F-88C2-482D-B3A3-692F9D9C4631}"
EndProject
Project("{6141683F-8A12-4E36-9623-2EB02B2C2303}") = "Danstaller", "Danstaller\Danstaller.isproj", "{D7F9D8CE-412A-4DA4-AA4F-B67B0D1FD4CD}"
EndProject
Global
	GlobalSection(SolutionConfigurationPlatforms) = preSolution
		CD_ROM|Win32 = CD_ROM|Win32
		CD_ROM|x64 = CD_ROM|x64
		Debug|Win32 = Debug|Win32
		Debug|x64 = Debug|x64
		DVD-5|Win32 = DVD-5|Win32
		DVD-5|x64 = DVD-5|x64
		NoInstaller|Win32 = NoInstaller|Win32
		NoInstaller|x64 = NoInstaller|x64
		Release|Win32 = Release|Win32
		Release|x64 = Release|x64
		SingleImage|Win32 = SingleImage|Win32
		SingleImage|x64 = SingleImage|x64
	EndGlobalSection
	GlobalSection(ProjectConfigurationPlatforms) = postSolution
		{2146256D-7152-4EB0-8846-1EB02D53115B}.CD_ROM|Win32.ActiveCfg = Release|Win32
		{2146256D-7152-4EB0-8846-1EB02D53115B}.CD_ROM|Win32.Build.0 = Release|Win32
		{2146256D-7152-4EB0-8846-1EB02D53115B}.CD_ROM|x64.ActiveCfg = Release|x64
		{2146256D-7152-4EB0-8846-1EB02D53115B}.CD_ROM|x64.Build.0 = Release|x64
		{2146256D-7152-4EB0-8846-1EB02D53115B}.Debug|Win32.ActiveCfg = Debug|Win32
		{2146256D-7152-4EB0-8846-1EB02D53115B}.Debug|Win32.Build.0 = Debug|Win32
		{2146256D-7152-4EB0-8846-1EB02D53115B}.Debug|x64.ActiveCfg = Debug|x64
		{2146256D-7152-4EB0-8846-1EB02D53115B}.Debug|x64.Build.0 = Debug|x64
		{2146256D-7152-4EB0-8846-1EB02D53115B}.DVD-5|Win32.ActiveCfg = Debug|Win32
		{2146256D-7152-4EB0-8846-1EB02D53115B}.DVD-5|Win32.Build.0 = Debug|Win32
		{2146256D-7152-4EB0-8846-1EB02D53115B}.DVD-5|x64.ActiveCfg = Debug|x64
		{2146256D-7152-4EB0-8846-1EB02D53115B}.DVD-5|x64.Build.0 = Debug|x64
		{2146256D-7152-4EB0-8846-1EB02D53115B}.NoInstaller|Win32.ActiveCfg = Debug|Win32
		{2146256D-7152-4EB0-8846-1EB02D53115B}.NoInstaller|Win32.Build.0 = Debug|Win32
		{2146256D-7152-4EB0-8846-1EB02D53115B}.NoInstaller|x64.ActiveCfg = Debug|x64
		{2146256D-7152-4EB0-8846-1EB02D53115B}.NoInstaller|x64.Build.0 = Debug|x64
		{2146256D-7152-4EB0-8846-1EB02D53115B}.Release|Win32.ActiveCfg = Release|Win32
		{2146256D-7152-4EB0-8846-1EB02D53115B}.Release|Win32.Build.0 = Release|Win32
		{2146256D-7152-4EB0-8846-1EB02D53115B}.Release|x64.ActiveCfg = Release|x64
		{2146256D-7152-4EB0-8846-1EB02D53115B}.Release|x64.Build.0 = Release|x64
		{2146256D-7152-4EB0-8846-1EB02D53115B}.SingleImage|Win32.ActiveCfg = Release|Win32
		{2146256D-7152-4EB0-8846-1EB02D53115B}.SingleImage|Win32.Build.0 = Release|Win32
		{2146256D-7152-4EB0-8846-1EB02D53115B}.SingleImage|x64.ActiveCfg = Release|x64
		{2146256D-7152-4EB0-8846-1EB02D53115B}.SingleImage|x64.Build.0 = Release|x64
		{D50C6F9F-88C2-482D-B3A3-692F9D9C4631}.CD_ROM|Win32.ActiveCfg = Release|Win32
		{D50C6F9F-88C2-482D-B3A3-692F9D9C4631}.CD_ROM|Win32.Build.0 = Release|Win32
		{D50C6F9F-88C2-482D-B3A3-692F9D9C4631}.CD_ROM|x64.ActiveCfg = Release|x64
		{D50C6F9F-88C2-482D-B3A3-692F9D9C4631}.CD_ROM|x64.Build.0 = Release|x64
		{D50C6F9F-88C2-482D-B3A3-692F9D9C4631}.Debug|Win32.ActiveCfg = Debug|Win32
		{D50C6F9F-88C2-482D-B3A3-692F9D9C4631}.Debug|Win32.Build.0 = Debug|Win32
		{D50C6F9F-88C2-482D-B3A3-692F9D9C4631}.Debug|x64.ActiveCfg = Debug|x64
		{D50C6F9F-88C2-482D-B3A3-692F9D9C4631}.Debug|x64.Build.0 = Debug|x64
		{D50C6F9F-88C2-482D-B3A3-692F9D9C4631}.DVD-5|Win32.ActiveCfg = Debug|Win32
		{D50C6F9F-88C2-482D-B3A3-692F9D9C4631}.DVD-5|Win32.Build.0 = Debug|Win32
		{D50C6F9F-88C2-482D-B3A3-692F9D9C4631}.DVD-5|x64.ActiveCfg = Debug|x64
		{D50C6F9F-88C2-482D-B3A3-692F9D9C4631}.DVD-5|x64.Build.0 = Debug|x64
		{D50C6F9F-88C2-482D-B3A3-692F9D9C4631}.NoInstaller|Win32.ActiveCfg = Debug|Win32
		{D50C6F9F-88C2-482D-B3A3-692F9D9C4631}.NoInstaller|Win32.Build.0 = Debug|Win32
		{D50C6F9F-88C2-482D-B3A3-692F9D9C4631}.NoInstaller|x64.ActiveCfg = Debug|x64
		{D50C6F9F-88C2-482D-B3A3-692F9D9C4631}.NoInstaller|x64.Build.0 = Debug|x64
		{D50C6F9F-88C2-482D-B3A3-692F9D9C4631}.Release|Win32.ActiveCfg = Release|Win32
		{D50C6F9F-88C2-482D-B3A3-692F9D9C4631}.Release|Win32.Build.0 = Release|Win32
		{D50C6F9F-88C2-482D-B3A3-692F9D9C4631}.Release|x64.ActiveCfg = Release|x64
		{D50C6F9F-88C2-482D-B3A3-692F9D9C4631}.Release|x64.Build.0 = Release|x64
		{D50C6F9F-88C2-482D-B3A3-692F9D9C4631}.SingleImage|Win32.ActiveCfg = Release|Win32
		{D50C6F9F-88C2-482D-B3A3-692F9D9C4631}.SingleImage|Win32.Build.0 = Release|Win32
		{D50C6F9F-88C2-482D-B3A3-692F9D9C4631}.SingleImage|x64.ActiveCfg = Release|x64
		{D50C6F9F-88C2-482D-B3A3-692F9D9C4631}.SingleImage|x64.Build.0 = Release|x64
		{D7F9D8CE-412A-4DA4-AA4F-B67B0D1FD4CD}.CD_ROM|Win32.ActiveCfg = CD_ROM
		{D7F9D8CE-412A-4DA4-AA4F-B67B0D1FD4CD}.CD_ROM|Win32.Build.0 = CD_ROM
		{D7F9D8CE-412A-4DA4-AA4F-B67B0D1FD4CD}.CD_ROM|x64.ActiveCfg = CD_ROM
		{D7F9D8CE-412A-4DA4-AA4F-B67B0D1FD4CD}.CD_ROM|x64.Build.0 = CD_ROM
		{D7F9D8CE-412A-4DA4-AA4F-B67B0D1FD4CD}.Debug|Win32.ActiveCfg = DVD-5
		{D7F9D8CE-412A-4DA4-AA4F-B67B0D1FD4CD}.Debug|Win32.Build.0 = DVD-5
		{D7F9D8CE-412A-4DA4-AA4F-B67B0D1FD4CD}.Debug|x64.ActiveCfg = DVD-5
		{D7F9D8CE-412A-4DA4-AA4F-B67B0D1FD4CD}.Debug|x64.Build.0 = DVD-5
		{D7F9D8CE-412A-4DA4-AA4F-B67B0D1FD4CD}.DVD-5|Win32.ActiveCfg = DVD-5
		{D7F9D8CE-412A-4DA4-AA4F-B67B0D1FD4CD}.DVD-5|Win32.Build.0 = DVD-5
		{D7F9D8CE-412A-4DA4-AA4F-B67B0D1FD4CD}.DVD-5|x64.ActiveCfg = DVD-5
		{D7F9D8CE-412A-4DA4-AA4F-B67B0D1FD4CD}.DVD-5|x64.Build.0 = DVD-5
		{D7F9D8CE-412A-4DA4-AA4F-B67B0D1FD4CD}.NoInstaller|Win32.ActiveCfg = DVD-5
		{D7F9D8CE-412A-4DA4-AA4F-B67B0D1FD4CD}.NoInstaller|Win32.Build.0 = DVD-5
		{D7F9D8CE-412A-4DA4-AA4F-B67B0D1FD4CD}.NoInstaller|x64.ActiveCfg = DVD-5
		{D7F9D8CE-412A-4DA4-AA4F-B67B0D1FD4CD}.Release|Win32.ActiveCfg = SingleImage
		{D7F9D8CE-412A-4DA4-AA4F-B67B0D1FD4CD}.Release|Win32.Build.0 = SingleImage
		{D7F9D8CE-412A-4DA4-AA4F-B67B0D1FD4CD}.Release|x64.ActiveCfg = SingleImage
		{D7F9D8CE-412A-4DA4-AA4F-B67B0D1FD4CD}.Release|x64.Build.0 = SingleImage
		{D7F9D8CE-412A-4DA4-AA4F-B67B0D1FD4CD}.SingleImage|Win32.ActiveCfg = SingleImage
		{D7F9D8CE-412A-4DA4-AA4F-B67B0D1FD4CD}.SingleImage|Win32.Build.0 = SingleImage
		{D7F9D8CE-412A-4DA4-AA4F-B67B0D1FD4CD}.SingleImage|x64.ActiveCfg = SingleImage
		{D7F9D8CE-412A-4DA4-AA4F-B67B0D1FD4CD}.SingleImage|x64.Build.0 = SingleImage
	EndGlobalSection
	GlobalSection(SolutionProperties) = preSolution
		HideSolutionNode = FALSE
	EndGlobalSection
EndGlobal
